// !$*UTF8*$!
{
	archiveVersion = 1;
	classes = {
	};
	objectVersion = 50;
	objects = {

/* Begin PBXBuildFile section */
		7551974D250EA4A70084C4AD /* AppDelegate.swift in Sources */ = {isa = PBXBuildFile; fileRef = 7551974C250EA4A70084C4AD /* AppDelegate.swift */; };
		7551974F250EA4A70084C4AD /* SceneDelegate.swift in Sources */ = {isa = PBXBuildFile; fileRef = 7551974E250EA4A70084C4AD /* SceneDelegate.swift */; };
		75519751250EA4A70084C4AD /* TableViewController.swift in Sources */ = {isa = PBXBuildFile; fileRef = 75519750250EA4A70084C4AD /* TableViewController.swift */; };
		75519754250EA4A70084C4AD /* Main.storyboard in Resources */ = {isa = PBXBuildFile; fileRef = 75519752250EA4A70084C4AD /* Main.storyboard */; };
		75519756250EA4AB0084C4AD /* Assets.xcassets in Resources */ = {isa = PBXBuildFile; fileRef = 75519755250EA4AB0084C4AD /* Assets.xcassets */; };
		75519759250EA4AB0084C4AD /* LaunchScreen.storyboard in Resources */ = {isa = PBXBuildFile; fileRef = 75519757250EA4AB0084C4AD /* LaunchScreen.storyboard */; };
		75519761250EB38C0084C4AD /* DataManager.swift in Sources */ = {isa = PBXBuildFile; fileRef = 75519760250EB38C0084C4AD /* DataManager.swift */; };
		75519763250EB3C60084C4AD /* Quiz.swift in Sources */ = {isa = PBXBuildFile; fileRef = 75519762250EB3C60084C4AD /* Quiz.swift */; };
		75519765250EBB490084C4AD /* QuizViewController.swift in Sources */ = {isa = PBXBuildFile; fileRef = 75519764250EBB490084C4AD /* QuizViewController.swift */; };
		75519767250EC2680084C4AD /* TabViewController.swift in Sources */ = {isa = PBXBuildFile; fileRef = 75519766250EC2670084C4AD /* TabViewController.swift */; };
		75519769250EC93B0084C4AD /* UserViewController.swift in Sources */ = {isa = PBXBuildFile; fileRef = 75519768250EC93B0084C4AD /* UserViewController.swift */; };
/* End PBXBuildFile section */

/* Begin PBXFileReference section */
		75519749250EA4A70084C4AD /* TeamProject.app */ = {isa = PBXFileReference; explicitFileType = wrapper.application; includeInIndex = 0; path = TeamProject.app; sourceTree = BUILT_PRODUCTS_DIR; };
		7551974C250EA4A70084C4AD /* AppDelegate.swift */ = {isa = PBXFileReference; lastKnownFileType = sourcecode.swift; path = AppDelegate.swift; sourceTree = "<group>"; };
		7551974E250EA4A70084C4AD /* SceneDelegate.swift */ = {isa = PBXFileReference; lastKnownFileType = sourcecode.swift; path = SceneDelegate.swift; sourceTree = "<group>"; };
		75519750250EA4A70084C4AD /* TableViewController.swift */ = {isa = PBXFileReference; lastKnownFileType = sourcecode.swift; path = TableViewController.swift; sourceTree = "<group>"; };
		75519753250EA4A70084C4AD /* Base */ = {isa = PBXFileReference; lastKnownFileType = file.storyboard; name = Base; path = Base.lproj/Main.storyboard; sourceTree = "<group>"; };
		75519755250EA4AB0084C4AD /* Assets.xcassets */ = {isa = PBXFileReference; lastKnownFileType = folder.assetcatalog; path = Assets.xcassets; sourceTree = "<group>"; };
		75519758250EA4AB0084C4AD /* Base */ = {isa = PBXFileReference; lastKnownFileType = file.storyboard; name = Base; path = Base.lproj/LaunchScreen.storyboard; sourceTree = "<group>"; };
		7551975A250EA4AB0084C4AD /* Info.plist */ = {isa = PBXFileReference; lastKnownFileType = text.plist.xml; path = Info.plist; sourceTree = "<group>"; };
		75519760250EB38C0084C4AD /* DataManager.swift */ = {isa = PBXFileReference; lastKnownFileType = sourcecode.swift; path = DataManager.swift; sourceTree = "<group>"; };
		75519762250EB3C60084C4AD /* Quiz.swift */ = {isa = PBXFileReference; lastKnownFileType = sourcecode.swift; path = Quiz.swift; sourceTree = "<group>"; };
		75519764250EBB490084C4AD /* QuizViewController.swift */ = {isa = PBXFileReference; lastKnownFileType = sourcecode.swift; path = QuizViewController.swift; sourceTree = "<group>"; };
		75519766250EC2670084C4AD /* TabViewController.swift */ = {isa = PBXFileReference; lastKnownFileType = sourcecode.swift; path = TabViewController.swift; sourceTree = "<group>"; };
		75519768250EC93B0084C4AD /* UserViewController.swift */ = {isa = PBXFileReference; lastKnownFileType = sourcecode.swift; path = UserViewController.swift; sourceTree = "<group>"; };
/* End PBXFileReference section */

/* Begin PBXFrameworksBuildPhase section */
		75519746250EA4A70084C4AD /* Frameworks */ = {
			isa = PBXFrameworksBuildPhase;
			buildActionMask = 2147483647;
			files = (
			);
			runOnlyForDeploymentPostprocessing = 0;
		};
/* End PBXFrameworksBuildPhase section */

/* Begin PBXGroup section */
		75519740250EA4A70084C4AD = {
			isa = PBXGroup;
			children = (
				7551974B250EA4A70084C4AD /* TeamProject */,
				7551974A250EA4A70084C4AD /* Products */,
			);
			sourceTree = "<group>";
		};
		7551974A250EA4A70084C4AD /* Products */ = {
			isa = PBXGroup;
			children = (
				75519749250EA4A70084C4AD /* TeamProject.app */,
			);
			name = Products;
			sourceTree = "<group>";
		};
		7551974B250EA4A70084C4AD /* TeamProject */ = {
			isa = PBXGroup;
			children = (
				7551974C250EA4A70084C4AD /* AppDelegate.swift */,
				7551974E250EA4A70084C4AD /* SceneDelegate.swift */,
				75519750250EA4A70084C4AD /* TableViewController.swift */,
				75519760250EB38C0084C4AD /* DataManager.swift */,
				75519762250EB3C60084C4AD /* Quiz.swift */,
				75519752250EA4A70084C4AD /* Main.storyboard */,
				75519768250EC93B0084C4AD /* UserViewController.swift */,
				75519766250EC2670084C4AD /* TabViewController.swift */,
				75519764250EBB490084C4AD /* QuizViewController.swift */,
				75519755250EA4AB0084C4AD /* Assets.xcassets */,
				75519757250EA4AB0084C4AD /* LaunchScreen.storyboard */,
				7551975A250EA4AB0084C4AD /* Info.plist */,
			);
			path = TeamProject;
			sourceTree = "<group>";
		};
/* End PBXGroup section */

/* Begin PBXNativeTarget section */
		75519748250EA4A70084C4AD /* TeamProject */ = {
			isa = PBXNativeTarget;
			buildConfigurationList = 7551975D250EA4AB0084C4AD /* Build configuration list for PBXNativeTarget "TeamProject" */;
			buildPhases = (
				75519745250EA4A70084C4AD /* Sources */,
				75519746250EA4A70084C4AD /* Frameworks */,
				75519747250EA4A70084C4AD /* Resources */,
			);
			buildRules = (
			);
			dependencies = (
			);
			name = TeamProject;
			productName = TeamProject;
			productReference = 75519749250EA4A70084C4AD /* TeamProject.app */;
			productType = "com.apple.product-type.application";
		};
/* End PBXNativeTarget section */

/* Begin PBXProject section */
		75519741250EA4A70084C4AD /* Project object */ = {
			isa = PBXProject;
			attributes = {
				LastSwiftUpdateCheck = 1170;
				LastUpgradeCheck = 1170;
				ORGANIZATIONNAME = "Andrey Markov";
				TargetAttributes = {
					75519748250EA4A70084C4AD = {
						CreatedOnToolsVersion = 11.7;
					};
				};
			};
			buildConfigurationList = 75519744250EA4A70084C4AD /* Build configuration list for PBXProject "TeamProject" */;
			compatibilityVersion = "Xcode 9.3";
			developmentRegion = en;
			hasScannedForEncodings = 0;
			knownRegions = (
				en,
				Base,
			);
			mainGroup = 75519740250EA4A70084C4AD;
			productRefGroup = 7551974A250EA4A70084C4AD /* Products */;
			projectDirPath = "";
			projectRoot = "";
			targets = (
				75519748250EA4A70084C4AD /* TeamProject */,
			);
		};
/* End PBXProject section */

/* Begin PBXResourcesBuildPhase section */
		75519747250EA4A70084C4AD /* Resources */ = {
			isa = PBXResourcesBuildPhase;
			buildActionMask = 2147483647;
			files = (
				75519759250EA4AB0084C4AD /* LaunchScreen.storyboard in Resources */,
				75519756250EA4AB0084C4AD /* Assets.xcassets in Resources */,
				75519754250EA4A70084C4AD /* Main.storyboard in Resources */,
			);
			runOnlyForDeploymentPostprocessing = 0;
		};
/* End PBXResourcesBuildPhase section */

/* Begin PBXSourcesBuildPhase section */
		75519745250EA4A70084C4AD /* Sources */ = {
			isa = PBXSourcesBuildPhase;
			buildActionMask = 2147483647;
			files = (
				75519751250EA4A70084C4AD /* TableViewController.swift in Sources */,
				75519769250EC93B0084C4AD /* UserViewController.swift in Sources */,
				75519763250EB3C60084C4AD /* Quiz.swift in Sources */,
				75519761250EB38C0084C4AD /* DataManager.swift in Sources */,
				75519765250EBB490084C4AD /* QuizViewController.swift in Sources */,
				7551974D250EA4A70084C4AD /* AppDelegate.swift in Sources */,
				75519767250EC2680084C4AD /* TabViewController.swift in Sources */,
				7551974F250EA4A70084C4AD /* SceneDelegate.swift in Sources */,
			);
			runOnlyForDeploymentPostprocessing = 0;
		};
/* End PBXSourcesBuildPhase section */

/* Begin PBXVariantGroup section */
		75519752250EA4A70084C4AD /* Main.storyboard */ = {
			isa = PBXVariantGroup;
			children = (
				75519753250EA4A70084C4AD /* Base */,
			);
			name = Main.storyboard;
			sourceTree = "<group>";
		};
		75519757250EA4AB0084C4AD /* LaunchScreen.storyboard */ = {
			isa = PBXVariantGroup;
			children = (
				75519758250EA4AB0084C4AD /* Base */,
			);
			name = LaunchScreen.storyboard;
			sourceTree = "<group>";
		};
/* End PBXVariantGroup section */

/* Begin XCBuildConfiguration section */
		7551975B250EA4AB0084C4AD /* Debug */ = {
			isa = XCBuildConfiguration;
			buildSettings = {
				ALWAYS_SEARCH_USER_PATHS = NO;
				CLANG_ANALYZER_NONNULL = YES;
				CLANG_ANALYZER_NUMBER_OBJECT_CONVERSION = YES_AGGRESSIVE;
				CLANG_CXX_LANGUAGE_STANDARD = "gnu++14";
				CLANG_CXX_LIBRARY = "libc++";
				CLANG_ENABLE_MODULES = YES;
				CLANG_ENABLE_OBJC_ARC = YES;
				CLANG_ENABLE_OBJC_WEAK = YES;
				CLANG_WARN_BLOCK_CAPTURE_AUTORELEASING = YES;
				CLANG_WARN_BOOL_CONVERSION = YES;
				CLANG_WARN_COMMA = YES;
				CLANG_WARN_CONSTANT_CONVERSION = YES;
				CLANG_WARN_DEPRECATED_OBJC_IMPLEMENTATIONS = YES;
				CLANG_WARN_DIRECT_OBJC_ISA_USAGE = YES_ERROR;
				CLANG_WARN_DOCUMENTATION_COMMENTS = YES;
				CLANG_WARN_EMPTY_BODY = YES;
				CLANG_WARN_ENUM_CONVERSION = YES;
				CLANG_WARN_INFINITE_RECURSION = YES;
				CLANG_WARN_INT_CONVERSION = YES;
				CLANG_WARN_NON_LITERAL_NULL_CONVERSION = YES;
				CLANG_WARN_OBJC_IMPLICIT_RETAIN_SELF = YES;
				CLANG_WARN_OBJC_LITERAL_CONVERSION = YES;
				CLANG_WARN_OBJC_ROOT_CLASS = YES_ERROR;
				CLANG_WARN_RANGE_LOOP_ANALYSIS = YES;
				CLANG_WARN_STRICT_PROTOTYPES = YES;
				CLANG_WARN_SUSPICIOUS_MOVE = YES;
				CLANG_WARN_UNGUARDED_AVAILABILITY = YES_AGGRESSIVE;
				CLANG_WARN_UNREACHABLE_CODE = YES;
				CLANG_WARN__DUPLICATE_METHOD_MATCH = YES;
				COPY_PHASE_STRIP = NO;
				DEBUG_INFORMATION_FORMAT = dwarf;
				ENABLE_STRICT_OBJC_MSGSEND = YES;
				ENABLE_TESTABILITY = YES;
				GCC_C_LANGUAGE_STANDARD = gnu11;
				GCC_DYNAMIC_NO_PIC = NO;
				GCC_NO_COMMON_BLOCKS = YES;
				GCC_OPTIMIZATION_LEVEL = 0;
				GCC_PREPROCESSOR_DEFINITIONS = (
					"DEBUG=1",
					"$(inherited)",
				);
				GCC_WARN_64_TO_32_BIT_CONVERSION = YES;
				GCC_WARN_ABOUT_RETURN_TYPE = YES_ERROR;
				GCC_WARN_UNDECLARED_SELECTOR = YES;
				GCC_WARN_UNINITIALIZED_AUTOS = YES_AGGRESSIVE;
				GCC_WARN_UNUSED_FUNCTION = YES;
				GCC_WARN_UNUSED_VARIABLE = YES;
				IPHONEOS_DEPLOYMENT_TARGET = 13.7;
				MTL_ENABLE_DEBUG_INFO = INCLUDE_SOURCE;
				MTL_FAST_MATH = YES;
				ONLY_ACTIVE_ARCH = YES;
				SDKROOT = iphoneos;
				SWIFT_ACTIVE_COMPILATION_CONDITIONS = DEBUG;
				SWIFT_OPTIMIZATION_LEVEL = "-Onone";
			};
			name = Debug;
		};
		7551975C250EA4AB0084C4AD /* Release */ = {
			isa = XCBuildConfiguration;
			buildSettings = {
				ALWAYS_SEARCH_USER_PATHS = NO;
				CLANG_ANALYZER_NONNULL = YES;
				CLANG_ANALYZER_NUMBER_OBJECT_CONVERSION = YES_AGGRESSIVE;
				CLANG_CXX_LANGUAGE_STANDARD = "gnu++14";
				CLANG_CXX_LIBRARY = "libc++";
				CLANG_ENABLE_MODULES = YES;
				CLANG_ENABLE_OBJC_ARC = YES;
				CLANG_ENABLE_OBJC_WEAK = YES;
				CLANG_WARN_BLOCK_CAPTURE_AUTORELEASING = YES;
				CLANG_WARN_BOOL_CONVERSION = YES;
				CLANG_WARN_COMMA = YES;
				CLANG_WARN_CONSTANT_CONVERSION = YES;
				CLANG_WARN_DEPRECATED_OBJC_IMPLEMENTATIONS = YES;
				CLANG_WARN_DIRECT_OBJC_ISA_USAGE = YES_ERROR;
				CLANG_WARN_DOCUMENTATION_COMMENTS = YES;
				CLANG_WARN_EMPTY_BODY = YES;
				CLANG_WARN_ENUM_CONVERSION = YES;
				CLANG_WARN_INFINITE_RECURSION = YES;
				CLANG_WARN_INT_CONVERSION = YES;
				CLANG_WARN_NON_LITERAL_NULL_CONVERSION = YES;
				CLANG_WARN_OBJC_IMPLICIT_RETAIN_SELF = YES;
				CLANG_WARN_OBJC_LITERAL_CONVERSION = YES;
				CLANG_WARN_OBJC_ROOT_CLASS = YES_ERROR;
				CLANG_WARN_RANGE_LOOP_ANALYSIS = YES;
				CLANG_WARN_STRICT_PROTOTYPES = YES;
				CLANG_WARN_SUSPICIOUS_MOVE = YES;
				CLANG_WARN_UNGUARDED_AVAILABILITY = YES_AGGRESSIVE;
				CLANG_WARN_UNREACHABLE_CODE = YES;
				CLANG_WARN__DUPLICATE_METHOD_MATCH = YES;
				COPY_PHASE_STRIP = NO;
				DEBUG_INFORMATION_FORMAT = "dwarf-with-dsym";
				ENABLE_NS_ASSERTIONS = NO;
				ENABLE_STRICT_OBJC_MSGSEND = YES;
				GCC_C_LANGUAGE_STANDARD = gnu11;
				GCC_NO_COMMON_BLOCKS = YES;
				GCC_WARN_64_TO_32_BIT_CONVERSION = YES;
				GCC_WARN_ABOUT_RETURN_TYPE = YES_ERROR;
				GCC_WARN_UNDECLARED_SELECTOR = YES;
				GCC_WARN_UNINITIALIZED_AUTOS = YES_AGGRESSIVE;
				GCC_WARN_UNUSED_FUNCTION = YES;
				GCC_WARN_UNUSED_VARIABLE = YES;
				IPHONEOS_DEPLOYMENT_TARGET = 13.7;
				MTL_ENABLE_DEBUG_INFO = NO;
				MTL_FAST_MATH = YES;
				SDKROOT = iphoneos;
				SWIFT_COMPILATION_MODE = wholemodule;
				SWIFT_OPTIMIZATION_LEVEL = "-O";
				VALIDATE_PRODUCT = YES;
			};
			name = Release;
		};
		7551975E250EA4AB0084C4AD /* Debug */ = {
			isa = XCBuildConfiguration;
			buildSettings = {
				ASSETCATALOG_COMPILER_APPICON_NAME = AppIcon;
				CODE_SIGN_STYLE = Automatic;
				DEVELOPMENT_TEAM = G97R3KR773;
				INFOPLIST_FILE = TeamProject/Info.plist;
				LD_RUNPATH_SEARCH_PATHS = (
					"$(inherited)",
					"@executable_path/Frameworks",
				);
				PRODUCT_BUNDLE_IDENTIFIER = Markov.TeamProject;
				PRODUCT_NAME = "$(TARGET_NAME)";
				SWIFT_VERSION = 5.0;
				TARGETED_DEVICE_FAMILY = "1,2";
			};
			name = Debug;
		};
		7551975F250EA4AB0084C4AD /* Release */ = {
			isa = XCBuildConfiguration;
			buildSettings = {
				ASSETCATALOG_COMPILER_APPICON_NAME = AppIcon;
				CODE_SIGN_STYLE = Automatic;
				DEVELOPMENT_TEAM = G97R3KR773;
				INFOPLIST_FILE = TeamProject/Info.plist;
				LD_RUNPATH_SEARCH_PATHS = (
					"$(inherited)",
					"@executable_path/Frameworks",
				);
				PRODUCT_BUNDLE_IDENTIFIER = Markov.TeamProject;
				PRODUCT_NAME = "$(TARGET_NAME)";
				SWIFT_VERSION = 5.0;
				TARGETED_DEVICE_FAMILY = "1,2";
			};
			name = Release;
		};
/* End XCBuildConfiguration section */

/* Begin XCConfigurationList section */
		75519744250EA4A70084C4AD /* Build configuration list for PBXProject "TeamProject" */ = {
			isa = XCConfigurationList;
			buildConfigurations = (
				7551975B250EA4AB0084C4AD /* Debug */,
				7551975C250EA4AB0084C4AD /* Release */,
			);
			defaultConfigurationIsVisible = 0;
			defaultConfigurationName = Release;
		};
		7551975D250EA4AB0084C4AD /* Build configuration list for PBXNativeTarget "TeamProject" */ = {
			isa = XCConfigurationList;
			buildConfigurations = (
				7551975E250EA4AB0084C4AD /* Debug */,
				7551975F250EA4AB0084C4AD /* Release */,
			);
			defaultConfigurationIsVisible = 0;
			defaultConfigurationName = Release;
		};
/* End XCConfigurationList section */
	};
	rootObject = 75519741250EA4A70084C4AD /* Project object */;
}
